
Microsoft Visual Studio Solution File, Format Version 12.00
# Visual Studio Version 17
VisualStudioVersion = 17.1.32407.343
MinimumVisualStudioVersion = 10.0.40219.1
Project("{8BC9CEB8-8B4A-11D0-8D11-00A0C91BC942}") = "PointerGuard", "PointerGuard\PointerGuard.vcxproj", "{A8B77ABC-126F-4C09-8677-5316EFB589FB}"
EndProject
Global
	GlobalSection(SolutionConfigurationPlatforms) = preSolution
		Debug|x64 = Debug|x64
		Debug|x86 = Debug|x86
		Release|x64 = Release|x64
		Release|x86 = Release|x86
	EndGlobalSection
	GlobalSection(ProjectConfigurationPlatforms) = postSolution
		{A8B77ABC-126F-4C09-8677-5316EFB589FB}.Debug|x64.ActiveCfg = Debug|x64
		{A8B77ABC-126F-4C09-8677-5316EFB589FB}.Debug|x64.Build.0 = Debug|x64
		{A8B77ABC-126F-4C09-8677-5316EFB589FB}.Debug|x86.ActiveCfg = Debug|Win32
		{A8B77ABC-126F-4C09-8677-5316EFB589FB}.Debug|x86.Build.0 = Debug|Win32
		{A8B77ABC-126F-4C09-8677-5316EFB589FB}.Release|x64.ActiveCfg = Release|x64
		{A8B77ABC-126F-4C09-8677-5316EFB589FB}.Release|x64.Build.0 = Release|x64
		{A8B77ABC-126F-4C09-8677-5316EFB589FB}.Release|x86.ActiveCfg = Release|Win32
		{A8B77ABC-126F-4C09-8677-5316EFB589FB}.Release|x86.Build.0 = Release|Win32
	EndGlobalSection
	GlobalSection(SolutionProperties) = preSolution
		HideSolutionNode = FALSE
	EndGlobalSection
	GlobalSection(ExtensibilityGlobals) = postSolution
		SolutionGuid = {D49472D5-FBDA-4DEC-8F77-015FDD16FD0A}
	EndGlobalSection
EndGlobal
